// !$*UTF8*$!
{
	archiveVersion = 1;
	classes = {
	};
	objectVersion = 46;
	objects = {

/* Begin PBXBuildFile section */
		2B0439101A197A9E00036EE6 /* AppDelegate.swift in Sources */ = {isa = PBXBuildFile; fileRef = 2B04390F1A197A9E00036EE6 /* AppDelegate.swift */; };
		2B0439121A197A9E00036EE6 /* ViewController.swift in Sources */ = {isa = PBXBuildFile; fileRef = 2B0439111A197A9E00036EE6 /* ViewController.swift */; };
		2B0439151A197A9E00036EE6 /* Main.storyboard in Resources */ = {isa = PBXBuildFile; fileRef = 2B0439131A197A9E00036EE6 /* Main.storyboard */; };
		2B0439171A197A9E00036EE6 /* Images.xcassets in Resources */ = {isa = PBXBuildFile; fileRef = 2B0439161A197A9E00036EE6 /* Images.xcassets */; };
		2B04391A1A197A9E00036EE6 /* LaunchScreen.xib in Resources */ = {isa = PBXBuildFile; fileRef = 2B0439181A197A9E00036EE6 /* LaunchScreen.xib */; };
		2B0439261A197A9E00036EE6 /* calayer_with_tint_colored_imageTests.swift in Sources */ = {isa = PBXBuildFile; fileRef = 2B0439251A197A9E00036EE6 /* calayer_with_tint_colored_imageTests.swift */; };
		2B0439301A197AC100036EE6 /* Default-568h@2x.png in Resources */ = {isa = PBXBuildFile; fileRef = 2B04392F1A197AC100036EE6 /* Default-568h@2x.png */; };
		2B0439341A197BE000036EE6 /* star.png in Resources */ = {isa = PBXBuildFile; fileRef = 2B0439331A197BE000036EE6 /* star.png */; };
		2B0439371A197BEF00036EE6 /* star@2x.png in Resources */ = {isa = PBXBuildFile; fileRef = 2B0439351A197BEF00036EE6 /* star@2x.png */; };
		2B0439381A197BEF00036EE6 /* star@3x.png in Resources */ = {isa = PBXBuildFile; fileRef = 2B0439361A197BEF00036EE6 /* star@3x.png */; };
		2B04393A1A1AA58B00036EE6 /* README.md in Sources */ = {isa = PBXBuildFile; fileRef = 2B0439391A1AA58B00036EE6 /* README.md */; };
/* End PBXBuildFile section */

/* Begin PBXContainerItemProxy section */
		2B0439201A197A9E00036EE6 /* PBXContainerItemProxy */ = {
			isa = PBXContainerItemProxy;
			containerPortal = 2B0439021A197A9E00036EE6 /* Project object */;
			proxyType = 1;
			remoteGlobalIDString = 2B0439091A197A9E00036EE6;
			remoteInfo = "calayer-with-tint-colored-image";
		};
/* End PBXContainerItemProxy section */

/* Begin PBXFileReference section */
		2B04390A1A197A9E00036EE6 /* calayer-with-tint-colored-image.app */ = {isa = PBXFileReference; explicitFileType = wrapper.application; includeInIndex = 0; path = "calayer-with-tint-colored-image.app"; sourceTree = BUILT_PRODUCTS_DIR; };
		2B04390E1A197A9E00036EE6 /* Info.plist */ = {isa = PBXFileReference; lastKnownFileType = text.plist.xml; path = Info.plist; sourceTree = "<group>"; };
		2B04390F1A197A9E00036EE6 /* AppDelegate.swift */ = {isa = PBXFileReference; lastKnownFileType = sourcecode.swift; path = AppDelegate.swift; sourceTree = "<group>"; };
		2B0439111A197A9E00036EE6 /* ViewController.swift */ = {isa = PBXFileReference; lastKnownFileType = sourcecode.swift; path = ViewController.swift; sourceTree = "<group>"; };
		2B0439141A197A9E00036EE6 /* Base */ = {isa = PBXFileReference; lastKnownFileType = file.storyboard; name = Base; path = Base.lproj/Main.storyboard; sourceTree = "<group>"; };
		2B0439161A197A9E00036EE6 /* Images.xcassets */ = {isa = PBXFileReference; lastKnownFileType = folder.assetcatalog; path = Images.xcassets; sourceTree = "<group>"; };
		2B0439191A197A9E00036EE6 /* Base */ = {isa = PBXFileReference; lastKnownFileType = file.xib; name = Base; path = Base.lproj/LaunchScreen.xib; sourceTree = "<group>"; };
		2B04391F1A197A9E00036EE6 /* calayer-with-tint-colored-imageTests.xctest */ = {isa = PBXFileReference; explicitFileType = wrapper.cfbundle; includeInIndex = 0; path = "calayer-with-tint-colored-imageTests.xctest"; sourceTree = BUILT_PRODUCTS_DIR; };
		2B0439241A197A9E00036EE6 /* Info.plist */ = {isa = PBXFileReference; lastKnownFileType = text.plist.xml; path = Info.plist; sourceTree = "<group>"; };
		2B0439251A197A9E00036EE6 /* calayer_with_tint_colored_imageTests.swift */ = {isa = PBXFileReference; lastKnownFileType = sourcecode.swift; path = calayer_with_tint_colored_imageTests.swift; sourceTree = "<group>"; };
		2B04392F1A197AC100036EE6 /* Default-568h@2x.png */ = {isa = PBXFileReference; lastKnownFileType = image.png; path = "Default-568h@2x.png"; sourceTree = "<group>"; };
		2B0439331A197BE000036EE6 /* star.png */ = {isa = PBXFileReference; lastKnownFileType = image.png; name = star.png; path = graphics/star.png; sourceTree = "<group>"; };
		2B0439351A197BEF00036EE6 /* star@2x.png */ = {isa = PBXFileReference; lastKnownFileType = image.png; name = "star@2x.png"; path = "graphics/star@2x.png"; sourceTree = "<group>"; };
		2B0439361A197BEF00036EE6 /* star@3x.png */ = {isa = PBXFileReference; lastKnownFileType = image.png; name = "star@3x.png"; path = "graphics/star@3x.png"; sourceTree = "<group>"; };
		2B0439391A1AA58B00036EE6 /* README.md */ = {isa = PBXFileReference; fileEncoding = 4; lastKnownFileType = net.daringfireball.markdown; path = README.md; sourceTree = "<group>"; };
/* End PBXFileReference section */

/* Begin PBXFrameworksBuildPhase section */
		2B0439071A197A9E00036EE6 /* Frameworks */ = {
			isa = PBXFrameworksBuildPhase;
			buildActionMask = 2147483647;
			files = (
			);
			runOnlyForDeploymentPostprocessing = 0;
		};
		2B04391C1A197A9E00036EE6 /* Frameworks */ = {
			isa = PBXFrameworksBuildPhase;
			buildActionMask = 2147483647;
			files = (
			);
			runOnlyForDeploymentPostprocessing = 0;
		};
/* End PBXFrameworksBuildPhase section */

/* Begin PBXGroup section */
		2B0439011A197A9E00036EE6 = {
			isa = PBXGroup;
			children = (
				2B0439391A1AA58B00036EE6 /* README.md */,
				2B04390C1A197A9E00036EE6 /* calayer-with-tint-colored-image */,
				2B0439221A197A9E00036EE6 /* calayer-with-tint-colored-imageTests */,
				2B04390B1A197A9E00036EE6 /* Products */,
			);
			sourceTree = "<group>";
		};
		2B04390B1A197A9E00036EE6 /* Products */ = {
			isa = PBXGroup;
			children = (
				2B04390A1A197A9E00036EE6 /* calayer-with-tint-colored-image.app */,
				2B04391F1A197A9E00036EE6 /* calayer-with-tint-colored-imageTests.xctest */,
			);
			name = Products;
			sourceTree = "<group>";
		};
		2B04390C1A197A9E00036EE6 /* calayer-with-tint-colored-image */ = {
			isa = PBXGroup;
			children = (
				2B0439311A197BBA00036EE6 /* images */,
				2B04390F1A197A9E00036EE6 /* AppDelegate.swift */,
				2B0439111A197A9E00036EE6 /* ViewController.swift */,
				2B0439131A197A9E00036EE6 /* Main.storyboard */,
				2B0439161A197A9E00036EE6 /* Images.xcassets */,
				2B0439181A197A9E00036EE6 /* LaunchScreen.xib */,
				2B04390D1A197A9E00036EE6 /* Supporting Files */,
			);
			path = "calayer-with-tint-colored-image";
			sourceTree = "<group>";
		};
		2B04390D1A197A9E00036EE6 /* Supporting Files */ = {
			isa = PBXGroup;
			children = (
				2B04392F1A197AC100036EE6 /* Default-568h@2x.png */,
				2B04390E1A197A9E00036EE6 /* Info.plist */,
			);
			name = "Supporting Files";
			sourceTree = "<group>";
		};
		2B0439221A197A9E00036EE6 /* calayer-with-tint-colored-imageTests */ = {
			isa = PBXGroup;
			children = (
				2B0439251A197A9E00036EE6 /* calayer_with_tint_colored_imageTests.swift */,
				2B0439231A197A9E00036EE6 /* Supporting Files */,
			);
			path = "calayer-with-tint-colored-imageTests";
			sourceTree = "<group>";
		};
		2B0439231A197A9E00036EE6 /* Supporting Files */ = {
			isa = PBXGroup;
			children = (
				2B0439241A197A9E00036EE6 /* Info.plist */,
			);
			name = "Supporting Files";
			sourceTree = "<group>";
		};
		2B0439311A197BBA00036EE6 /* images */ = {
			isa = PBXGroup;
			children = (
				2B0439321A197BD300036EE6 /* star */,
			);
			name = images;
			sourceTree = "<group>";
		};
		2B0439321A197BD300036EE6 /* star */ = {
			isa = PBXGroup;
			children = (
				2B0439331A197BE000036EE6 /* star.png */,
				2B0439351A197BEF00036EE6 /* star@2x.png */,
				2B0439361A197BEF00036EE6 /* star@3x.png */,
			);
			name = star;
			sourceTree = "<group>";
		};
/* End PBXGroup section */

/* Begin PBXNativeTarget section */
		2B0439091A197A9E00036EE6 /* calayer-with-tint-colored-image */ = {
			isa = PBXNativeTarget;
			buildConfigurationList = 2B0439291A197A9E00036EE6 /* Build configuration list for PBXNativeTarget "calayer-with-tint-colored-image" */;
			buildPhases = (
				2B0439061A197A9E00036EE6 /* Sources */,
				2B0439071A197A9E00036EE6 /* Frameworks */,
				2B0439081A197A9E00036EE6 /* Resources */,
			);
			buildRules = (
			);
			dependencies = (
			);
			name = "calayer-with-tint-colored-image";
			productName = "calayer-with-tint-colored-image";
			productReference = 2B04390A1A197A9E00036EE6 /* calayer-with-tint-colored-image.app */;
			productType = "com.apple.product-type.application";
		};
		2B04391E1A197A9E00036EE6 /* calayer-with-tint-colored-imageTests */ = {
			isa = PBXNativeTarget;
			buildConfigurationList = 2B04392C1A197A9E00036EE6 /* Build configuration list for PBXNativeTarget "calayer-with-tint-colored-imageTests" */;
			buildPhases = (
				2B04391B1A197A9E00036EE6 /* Sources */,
				2B04391C1A197A9E00036EE6 /* Frameworks */,
				2B04391D1A197A9E00036EE6 /* Resources */,
			);
			buildRules = (
			);
			dependencies = (
				2B0439211A197A9E00036EE6 /* PBXTargetDependency */,
			);
			name = "calayer-with-tint-colored-imageTests";
			productName = "calayer-with-tint-colored-imageTests";
			productReference = 2B04391F1A197A9E00036EE6 /* calayer-with-tint-colored-imageTests.xctest */;
			productType = "com.apple.product-type.bundle.unit-test";
		};
/* End PBXNativeTarget section */

/* Begin PBXProject section */
		2B0439021A197A9E00036EE6 /* Project object */ = {
			isa = PBXProject;
			attributes = {
				LastUpgradeCheck = 0610;
				ORGANIZATIONNAME = "The Exchange Group Pty Ltd";
				TargetAttributes = {
					2B0439091A197A9E00036EE6 = {
						CreatedOnToolsVersion = 6.1;
					};
					2B04391E1A197A9E00036EE6 = {
						CreatedOnToolsVersion = 6.1;
						TestTargetID = 2B0439091A197A9E00036EE6;
					};
				};
			};
			buildConfigurationList = 2B0439051A197A9E00036EE6 /* Build configuration list for PBXProject "calayer-with-tint-colored-image" */;
			compatibilityVersion = "Xcode 3.2";
			developmentRegion = English;
			hasScannedForEncodings = 0;
			knownRegions = (
				en,
				Base,
			);
			mainGroup = 2B0439011A197A9E00036EE6;
			productRefGroup = 2B04390B1A197A9E00036EE6 /* Products */;
			projectDirPath = "";
			projectRoot = "";
			targets = (
				2B0439091A197A9E00036EE6 /* calayer-with-tint-colored-image */,
				2B04391E1A197A9E00036EE6 /* calayer-with-tint-colored-imageTests */,
			);
		};
/* End PBXProject section */

/* Begin PBXResourcesBuildPhase section */
		2B0439081A197A9E00036EE6 /* Resources */ = {
			isa = PBXResourcesBuildPhase;
			buildActionMask = 2147483647;
			files = (
				2B0439371A197BEF00036EE6 /* star@2x.png in Resources */,
				2B0439151A197A9E00036EE6 /* Main.storyboard in Resources */,
				2B0439341A197BE000036EE6 /* star.png in Resources */,
				2B0439381A197BEF00036EE6 /* star@3x.png in Resources */,
				2B0439301A197AC100036EE6 /* Default-568h@2x.png in Resources */,
				2B04391A1A197A9E00036EE6 /* LaunchScreen.xib in Resources */,
				2B0439171A197A9E00036EE6 /* Images.xcassets in Resources */,
			);
			runOnlyForDeploymentPostprocessing = 0;
		};
		2B04391D1A197A9E00036EE6 /* Resources */ = {
			isa = PBXResourcesBuildPhase;
			buildActionMask = 2147483647;
			files = (
			);
			runOnlyForDeploymentPostprocessing = 0;
		};
/* End PBXResourcesBuildPhase section */

/* Begin PBXSourcesBuildPhase section */
		2B0439061A197A9E00036EE6 /* Sources */ = {
			isa = PBXSourcesBuildPhase;
			buildActionMask = 2147483647;
			files = (
				2B04393A1A1AA58B00036EE6 /* README.md in Sources */,
				2B0439121A197A9E00036EE6 /* ViewController.swift in Sources */,
				2B0439101A197A9E00036EE6 /* AppDelegate.swift in Sources */,
			);
			runOnlyForDeploymentPostprocessing = 0;
		};
		2B04391B1A197A9E00036EE6 /* Sources */ = {
			isa = PBXSourcesBuildPhase;
			buildActionMask = 2147483647;
			files = (
				2B0439261A197A9E00036EE6 /* calayer_with_tint_colored_imageTests.swift in Sources */,
			);
			runOnlyForDeploymentPostprocessing = 0;
		};
/* End PBXSourcesBuildPhase section */

/* Begin PBXTargetDependency section */
		2B0439211A197A9E00036EE6 /* PBXTargetDependency */ = {
			isa = PBXTargetDependency;
			target = 2B0439091A197A9E00036EE6 /* calayer-with-tint-colored-image */;
			targetProxy = 2B0439201A197A9E00036EE6 /* PBXContainerItemProxy */;
		};
/* End PBXTargetDependency section */

/* Begin PBXVariantGroup section */
		2B0439131A197A9E00036EE6 /* Main.storyboard */ = {
			isa = PBXVariantGroup;
			children = (
				2B0439141A197A9E00036EE6 /* Base */,
			);
			name = Main.storyboard;
			sourceTree = "<group>";
		};
		2B0439181A197A9E00036EE6 /* LaunchScreen.xib */ = {
			isa = PBXVariantGroup;
			children = (
				2B0439191A197A9E00036EE6 /* Base */,
			);
			name = LaunchScreen.xib;
			sourceTree = "<group>";
		};
/* End PBXVariantGroup section */

/* Begin XCBuildConfiguration section */
		2B0439271A197A9E00036EE6 /* Debug */ = {
			isa = XCBuildConfiguration;
			buildSettings = {
				ALWAYS_SEARCH_USER_PATHS = NO;
				CLANG_CXX_LANGUAGE_STANDARD = "gnu++0x";
				CLANG_CXX_LIBRARY = "libc++";
				CLANG_ENABLE_MODULES = YES;
				CLANG_ENABLE_OBJC_ARC = YES;
				CLANG_WARN_BOOL_CONVERSION = YES;
				CLANG_WARN_CONSTANT_CONVERSION = YES;
				CLANG_WARN_DIRECT_OBJC_ISA_USAGE = YES_ERROR;
				CLANG_WARN_EMPTY_BODY = YES;
				CLANG_WARN_ENUM_CONVERSION = YES;
				CLANG_WARN_INT_CONVERSION = YES;
				CLANG_WARN_OBJC_ROOT_CLASS = YES_ERROR;
				CLANG_WARN_UNREACHABLE_CODE = YES;
				CLANG_WARN__DUPLICATE_METHOD_MATCH = YES;
				"CODE_SIGN_IDENTITY[sdk=iphoneos*]" = "iPhone Developer";
				COPY_PHASE_STRIP = NO;
				ENABLE_STRICT_OBJC_MSGSEND = YES;
				GCC_C_LANGUAGE_STANDARD = gnu99;
				GCC_DYNAMIC_NO_PIC = NO;
				GCC_OPTIMIZATION_LEVEL = 0;
				GCC_PREPROCESSOR_DEFINITIONS = (
					"DEBUG=1",
					"$(inherited)",
				);
				GCC_SYMBOLS_PRIVATE_EXTERN = NO;
				GCC_WARN_64_TO_32_BIT_CONVERSION = YES;
				GCC_WARN_ABOUT_RETURN_TYPE = YES_ERROR;
				GCC_WARN_UNDECLARED_SELECTOR = YES;
				GCC_WARN_UNINITIALIZED_AUTOS = YES_AGGRESSIVE;
				GCC_WARN_UNUSED_FUNCTION = YES;
				GCC_WARN_UNUSED_VARIABLE = YES;
				IPHONEOS_DEPLOYMENT_TARGET = 7.0;
				MTL_ENABLE_DEBUG_INFO = YES;
				ONLY_ACTIVE_ARCH = YES;
				SDKROOT = iphoneos;
				SWIFT_OPTIMIZATION_LEVEL = "-Onone";
				TARGETED_DEVICE_FAMILY = "1,2";
			};
			name = Debug;
		};
		2B0439281A197A9E00036EE6 /* Release */ = {
			isa = XCBuildConfiguration;
			buildSettings = {
				ALWAYS_SEARCH_USER_PATHS = NO;
				CLANG_CXX_LANGUAGE_STANDARD = "gnu++0x";
				CLANG_CXX_LIBRARY = "libc++";
				CLANG_ENABLE_MODULES = YES;
				CLANG_ENABLE_OBJC_ARC = YES;
				CLANG_WARN_BOOL_CONVERSION = YES;
				CLANG_WARN_CONSTANT_CONVERSION = YES;
				CLANG_WARN_DIRECT_OBJC_ISA_USAGE = YES_ERROR;
				CLANG_WARN_EMPTY_BODY = YES;
				CLANG_WARN_ENUM_CONVERSION = YES;
				CLANG_WARN_INT_CONVERSION = YES;
				CLANG_WARN_OBJC_ROOT_CLASS = YES_ERROR;
				CLANG_WARN_UNREACHABLE_CODE = YES;
				CLANG_WARN__DUPLICATE_METHOD_MATCH = YES;
				"CODE_SIGN_IDENTITY[sdk=iphoneos*]" = "iPhone Developer";
				COPY_PHASE_STRIP = YES;
				ENABLE_NS_ASSERTIONS = NO;
				ENABLE_STRICT_OBJC_MSGSEND = YES;
				GCC_C_LANGUAGE_STANDARD = gnu99;
				GCC_WARN_64_TO_32_BIT_CONVERSION = YES;
				GCC_WARN_ABOUT_RETURN_TYPE = YES_ERROR;
				GCC_WARN_UNDECLARED_SELECTOR = YES;
				GCC_WARN_UNINITIALIZED_AUTOS = YES_AGGRESSIVE;
				GCC_WARN_UNUSED_FUNCTION = YES;
				GCC_WARN_UNUSED_VARIABLE = YES;
				IPHONEOS_DEPLOYMENT_TARGET = 7.0;
				MTL_ENABLE_DEBUG_INFO = NO;
				SDKROOT = iphoneos;
				TARGETED_DEVICE_FAMILY = "1,2";
				VALIDATE_PRODUCT = YES;
			};
			name = Release;
		};
		2B04392A1A197A9E00036EE6 /* Debug */ = {
			isa = XCBuildConfiguration;
			buildSettings = {
				ASSETCATALOG_COMPILER_APPICON_NAME = AppIcon;
				INFOPLIST_FILE = "calayer-with-tint-colored-image/Info.plist";
				LD_RUNPATH_SEARCH_PATHS = "$(inherited) @executable_path/Frameworks";
				PRODUCT_NAME = "$(TARGET_NAME)";
			};
			name = Debug;
		};
		2B04392B1A197A9E00036EE6 /* Release */ = {
			isa = XCBuildConfiguration;
			buildSettings = {
				ASSETCATALOG_COMPILER_APPICON_NAME = AppIcon;
				INFOPLIST_FILE = "calayer-with-tint-colored-image/Info.plist";
				LD_RUNPATH_SEARCH_PATHS = "$(inherited) @executable_path/Frameworks";
				PRODUCT_NAME = "$(TARGET_NAME)";
			};
			name = Release;
		};
		2B04392D1A197A9E00036EE6 /* Debug */ = {
			isa = XCBuildConfiguration;
			buildSettings = {
				BUNDLE_LOADER = "$(TEST_HOST)";
				FRAMEWORK_SEARCH_PATHS = (
					"$(SDKROOT)/Developer/Library/Frameworks",
					"$(inherited)",
				);
				GCC_PREPROCESSOR_DEFINITIONS = (
					"DEBUG=1",
					"$(inherited)",
				);
				INFOPLIST_FILE = "calayer-with-tint-colored-imageTests/Info.plist";
				LD_RUNPATH_SEARCH_PATHS = "$(inherited) @executable_path/Frameworks @loader_path/Frameworks";
				PRODUCT_NAME = "$(TARGET_NAME)";
				TEST_HOST = "$(BUILT_PRODUCTS_DIR)/calayer-with-tint-colored-image.app/calayer-with-tint-colored-image";
			};
			name = Debug;
		};
		2B04392E1A197A9E00036EE6 /* Release */ = {
			isa = XCBuildConfiguration;
			buildSettings = {
				BUNDLE_LOADER = "$(TEST_HOST)";
				FRAMEWORK_SEARCH_PATHS = (
					"$(SDKROOT)/Developer/Library/Frameworks",
					"$(inherited)",
				);
				INFOPLIST_FILE = "calayer-with-tint-colored-imageTests/Info.plist";
				LD_RUNPATH_SEARCH_PATHS = "$(inherited) @executable_path/Frameworks @loader_path/Frameworks";
				PRODUCT_NAME = "$(TARGET_NAME)";
				TEST_HOST = "$(BUILT_PRODUCTS_DIR)/calayer-with-tint-colored-image.app/calayer-with-tint-colored-image";
			};
			name = Release;
		};
/* End XCBuildConfiguration section */

/* Begin XCConfigurationList section */
		2B0439051A197A9E00036EE6 /* Build configuration list for PBXProject "calayer-with-tint-colored-image" */ = {
			isa = XCConfigurationList;
			buildConfigurations = (
				2B0439271A197A9E00036EE6 /* Debug */,
				2B0439281A197A9E00036EE6 /* Release */,
			);
			defaultConfigurationIsVisible = 0;
			defaultConfigurationName = Release;
		};
		2B0439291A197A9E00036EE6 /* Build configuration list for PBXNativeTarget "calayer-with-tint-colored-image" */ = {
			isa = XCConfigurationList;
			buildConfigurations = (
				2B04392A1A197A9E00036EE6 /* Debug */,
				2B04392B1A197A9E00036EE6 /* Release */,
			);
			defaultConfigurationIsVisible = 0;
		};
		2B04392C1A197A9E00036EE6 /* Build configuration list for PBXNativeTarget "calayer-with-tint-colored-imageTests" */ = {
			isa = XCConfigurationList;
			buildConfigurations = (
				2B04392D1A197A9E00036EE6 /* Debug */,
				2B04392E1A197A9E00036EE6 /* Release */,
			);
			defaultConfigurationIsVisible = 0;
		};
/* End XCConfigurationList section */
	};
	rootObject = 2B0439021A197A9E00036EE6 /* Project object */;
}
